Microsoft Visual Studio Solution File, Format Version 12.00
# Visual Studio Version 18
VisualStudioVersion = 18.10.12113.136 insiders
MinimumVisualStudioVersion = 10.0.40219.1
Project("{FAE04EC0-301F-11D3-BF4B-00C04F79EFBC}") = "Order.Api", "Order.Api.csproj", "{B4D0E3A6-7E2C-4A2E-9B4C-1F0B0A7A6A11}"
EndProject
Global
	GlobalSection(SolutionConfigurationPlatforms) = preSolution
		Debug|Any CPU = Debug|Any CPU
		Release|Any CPU = Release|Any CPU
	EndGlobalSection
	GlobalSection(ProjectConfigurationPlatforms) = postSolution
		{B4D0E3A6-7E2C-4A2E-9B4C-1F0B0A7A6A11}.Debug|Any CPU.ActiveCfg = Debug|Any CPU
		{B4D0E3A6-7E2C-4A2E-9B4C-1F0B0A7A6A11}.Debug|Any CPU.Build.0 = Debug|Any CPU
		{B4D0E3A6-7E2C-4A2E-9B4C-1F0B0A7A6A11}.Release|Any CPU.ActiveCfg = Release|Any CPU
		{B4D0E3A6-7E2C-4A2E-9B4C-1F0B0A7A6A11}.Release|Any CPU.Build.0 = Release|Any CPU
	EndGlobalSection
	GlobalSection(SolutionProperties) = preSolution
		HideSolutionNode = FALSE
	EndGlobalSection
	GlobalSection(ExtensibilityGlobals) = postSolution
		SolutionGuid = {F084E0B8-2B36-4926-8194-0AC27F125041}
	EndGlobalSection
EndGlobal
